<Solution>
  <Folder Name="/azure/">
    <File Path="azure/AzureDeploy.md" />
    <File Path="azure/AzureServiceDeploy.ps1" />
    <File Path="azure/AzureSetup.md" />
    <File Path="azure/AzureSetup.ps1" />
  </Folder>
  <Folder Name="/Services/">
    <Project Path="Didakt.Api.Auth/Didakt.Api.Auth.csproj" />
    <Project Path="Didakt.Api.Leaderboard/Didakt.Api.Leaderboard.csproj" />
  </Folder>
  <Folder Name="/Solution Items/">
    <File Path=".dockerignore" />
    <File Path=".env.shared" />
    <File Path=".env.shared.example" />
    <File Path=".gitignore" />
    <File Path="docker-compose-up.bat" />
    <File Path="docker-compose.yml" />
    <File Path="README.md" />
  </Folder>
  <Folder Name="/Tests/" />
  <Folder Name="/Tests/IntegrationTests/">
    <Project Path="Didakt.Api.Auth.IntegrationTests/Didakt.Api.Auth.IntegrationTests.csproj" />
    <Project Path="Didakt.Api.Leaderboard.IntegrationTests/Didakt.Api.Leaderboard.IntegrationTests.csproj" />
  </Folder>
  <Folder Name="/Tests/UnitTests/">
    <Project Path="Didakt.Api.Auth.UnitTests/Didakt.Api.Auth.UnitTests.csproj" Id="da47265e-b5a9-4550-abff-162d1ea0df06" />
    <Project Path="Didakt.Api.Leaderboard.UnitTests/Didakt.Api.Leaderboard.UnitTests.csproj" Id="e6b9864a-93b2-4ef1-9c31-a67a866b1991" />
  </Folder>
</Solution>
